
Microsoft Visual Studio Solution File, Format Version 12.00
# Visual Studio 14
VisualStudioVersion = 14.0.25123.0
MinimumVisualStudioVersion = 10.0.40219.1
Project("{FAE04EC0-301F-11D3-BF4B-00C04F79EFBC}") = "Tee.FamilyApp.Common", "\\psf\Home\Documents\Visual Studio 2015\Projects\FamApp\Tee.FamilyApp\Tee.FamilyApp.Common\Tee.FamilyApp.Common.csproj", "{E8E5529B-8851-4853-A884-92C90D02FF70}"
EndProject
Project("{FAE04EC0-301F-11D3-BF4B-00C04F79EFBC}") = "Tee.FamilyApp.DAL", "\\psf\Home\Documents\Visual Studio 2015\Projects\FamApp\Tee.FamilyApp\Tee.FamilyApp.DAL\Tee.FamilyApp.DAL.csproj", "{53D24310-6008-4475-89B9-E1EC1DFAD5D8}"
EndProject
Project("{FAE04EC0-301F-11D3-BF4B-00C04F79EFBC}") = "Tee.FamilyApp.Services", "Tee.FamilyApp.Services\Tee.FamilyApp.Services.csproj", "{A6EC5F57-59E3-4F0E-AD81-CECC363A2BD3}"
EndProject
Project("{2150E333-8FDC-42A3-9474-1A3956D46DE8}") = "Tests", "Tests", "{6EBF6D52-FD4C-4B32-B0C2-9A47BF26091E}"
EndProject
Project("{FAE04EC0-301F-11D3-BF4B-00C04F79EFBC}") = "Tee.FamilyApp.Services.UnitTests", "Tee.FamilyApp.Services.IntegrationTests\Tee.FamilyApp.Services.UnitTests.csproj", "{117471DC-DF52-40AC-A9E8-E739D2A3DADE}"
EndProject
Project("{FAE04EC0-301F-11D3-BF4B-00C04F79EFBC}") = "Tee.FamilyApp.Api", "Tee.FamilyApp.Api\Tee.FamilyApp.Api.csproj", "{5056EF69-59B1-4FFB-A70A-AF571F5AEA66}"
EndProject
Project("{FAE04EC0-301F-11D3-BF4B-00C04F79EFBC}") = "Tee.FamilyApp.Api.UnitTests", "Tee.FamilyApp.API.UnitTests\Tee.FamilyApp.Api.UnitTests.csproj", "{693C46F7-C171-4366-8D62-2E8D116E9F91}"
EndProject
Project("{FAE04EC0-301F-11D3-BF4B-00C04F79EFBC}") = "Tee.FamilyApp.Web", "Tee.FamilyApp.Web\Tee.FamilyApp.Web.csproj", "{ACD3EC57-69DE-44D8-83C2-820E8B75CE5E}"
EndProject
Project("{FAE04EC0-301F-11D3-BF4B-00C04F79EFBC}") = "Tee.FamilyApp.Web.Tests", "Tee.FamilyApp.Web.Tests\Tee.FamilyApp.Web.Tests.csproj", "{16DFCCE7-B8C9-47F6-8A6E-DBD6D25E7F33}"
EndProject
Global
	GlobalSection(SolutionConfigurationPlatforms) = preSolution
		CI|Any CPU = CI|Any CPU
		Debug|Any CPU = Debug|Any CPU
		Release|Any CPU = Release|Any CPU
	EndGlobalSection
	GlobalSection(ProjectConfigurationPlatforms) = postSolution
		{E8E5529B-8851-4853-A884-92C90D02FF70}.CI|Any CPU.ActiveCfg = Release|Any CPU
		{E8E5529B-8851-4853-A884-92C90D02FF70}.CI|Any CPU.Build.0 = Release|Any CPU
		{E8E5529B-8851-4853-A884-92C90D02FF70}.Debug|Any CPU.ActiveCfg = Debug|Any CPU
		{E8E5529B-8851-4853-A884-92C90D02FF70}.Debug|Any CPU.Build.0 = Debug|Any CPU
		{E8E5529B-8851-4853-A884-92C90D02FF70}.Release|Any CPU.ActiveCfg = Release|Any CPU
		{E8E5529B-8851-4853-A884-92C90D02FF70}.Release|Any CPU.Build.0 = Release|Any CPU
		{53D24310-6008-4475-89B9-E1EC1DFAD5D8}.CI|Any CPU.ActiveCfg = Release|Any CPU
		{53D24310-6008-4475-89B9-E1EC1DFAD5D8}.CI|Any CPU.Build.0 = Release|Any CPU
		{53D24310-6008-4475-89B9-E1EC1DFAD5D8}.Debug|Any CPU.ActiveCfg = Debug|Any CPU
		{53D24310-6008-4475-89B9-E1EC1DFAD5D8}.Debug|Any CPU.Build.0 = Debug|Any CPU
		{53D24310-6008-4475-89B9-E1EC1DFAD5D8}.Release|Any CPU.ActiveCfg = Release|Any CPU
		{53D24310-6008-4475-89B9-E1EC1DFAD5D8}.Release|Any CPU.Build.0 = Release|Any CPU
		{A6EC5F57-59E3-4F0E-AD81-CECC363A2BD3}.CI|Any CPU.ActiveCfg = Release|Any CPU
		{A6EC5F57-59E3-4F0E-AD81-CECC363A2BD3}.CI|Any CPU.Build.0 = Release|Any CPU
		{A6EC5F57-59E3-4F0E-AD81-CECC363A2BD3}.Debug|Any CPU.ActiveCfg = Debug|Any CPU
		{A6EC5F57-59E3-4F0E-AD81-CECC363A2BD3}.Debug|Any CPU.Build.0 = Debug|Any CPU
		{A6EC5F57-59E3-4F0E-AD81-CECC363A2BD3}.Release|Any CPU.ActiveCfg = Release|Any CPU
		{A6EC5F57-59E3-4F0E-AD81-CECC363A2BD3}.Release|Any CPU.Build.0 = Release|Any CPU
		{117471DC-DF52-40AC-A9E8-E739D2A3DADE}.CI|Any CPU.ActiveCfg = Release|Any CPU
		{117471DC-DF52-40AC-A9E8-E739D2A3DADE}.CI|Any CPU.Build.0 = Release|Any CPU
		{117471DC-DF52-40AC-A9E8-E739D2A3DADE}.Debug|Any CPU.ActiveCfg = Debug|Any CPU
		{117471DC-DF52-40AC-A9E8-E739D2A3DADE}.Debug|Any CPU.Build.0 = Debug|Any CPU
		{117471DC-DF52-40AC-A9E8-E739D2A3DADE}.Release|Any CPU.ActiveCfg = Release|Any CPU
		{117471DC-DF52-40AC-A9E8-E739D2A3DADE}.Release|Any CPU.Build.0 = Release|Any CPU
		{5056EF69-59B1-4FFB-A70A-AF571F5AEA66}.CI|Any CPU.ActiveCfg = Release|Any CPU
		{5056EF69-59B1-4FFB-A70A-AF571F5AEA66}.CI|Any CPU.Build.0 = Release|Any CPU
		{5056EF69-59B1-4FFB-A70A-AF571F5AEA66}.Debug|Any CPU.ActiveCfg = Debug|Any CPU
		{5056EF69-59B1-4FFB-A70A-AF571F5AEA66}.Debug|Any CPU.Build.0 = Debug|Any CPU
		{5056EF69-59B1-4FFB-A70A-AF571F5AEA66}.Release|Any CPU.ActiveCfg = Release|Any CPU
		{5056EF69-59B1-4FFB-A70A-AF571F5AEA66}.Release|Any CPU.Build.0 = Release|Any CPU
		{693C46F7-C171-4366-8D62-2E8D116E9F91}.CI|Any CPU.ActiveCfg = Release|Any CPU
		{693C46F7-C171-4366-8D62-2E8D116E9F91}.CI|Any CPU.Build.0 = Release|Any CPU
		{693C46F7-C171-4366-8D62-2E8D116E9F91}.Debug|Any CPU.ActiveCfg = Debug|Any CPU
		{693C46F7-C171-4366-8D62-2E8D116E9F91}.Debug|Any CPU.Build.0 = Debug|Any CPU
		{693C46F7-C171-4366-8D62-2E8D116E9F91}.Release|Any CPU.ActiveCfg = Release|Any CPU
		{693C46F7-C171-4366-8D62-2E8D116E9F91}.Release|Any CPU.Build.0 = Release|Any CPU
		{ACD3EC57-69DE-44D8-83C2-820E8B75CE5E}.CI|Any CPU.ActiveCfg = Release|Any CPU
		{ACD3EC57-69DE-44D8-83C2-820E8B75CE5E}.CI|Any CPU.Build.0 = Release|Any CPU
		{ACD3EC57-69DE-44D8-83C2-820E8B75CE5E}.Debug|Any CPU.ActiveCfg = Debug|Any CPU
		{ACD3EC57-69DE-44D8-83C2-820E8B75CE5E}.Debug|Any CPU.Build.0 = Debug|Any CPU
		{ACD3EC57-69DE-44D8-83C2-820E8B75CE5E}.Release|Any CPU.ActiveCfg = Release|Any CPU
		{ACD3EC57-69DE-44D8-83C2-820E8B75CE5E}.Release|Any CPU.Build.0 = Release|Any CPU
		{16DFCCE7-B8C9-47F6-8A6E-DBD6D25E7F33}.CI|Any CPU.ActiveCfg = Release|Any CPU
		{16DFCCE7-B8C9-47F6-8A6E-DBD6D25E7F33}.CI|Any CPU.Build.0 = Release|Any CPU
		{16DFCCE7-B8C9-47F6-8A6E-DBD6D25E7F33}.Debug|Any CPU.ActiveCfg = Debug|Any CPU
		{16DFCCE7-B8C9-47F6-8A6E-DBD6D25E7F33}.Debug|Any CPU.Build.0 = Debug|Any CPU
		{16DFCCE7-B8C9-47F6-8A6E-DBD6D25E7F33}.Release|Any CPU.ActiveCfg = Release|Any CPU
		{16DFCCE7-B8C9-47F6-8A6E-DBD6D25E7F33}.Release|Any CPU.Build.0 = Release|Any CPU
	EndGlobalSection
	GlobalSection(SolutionProperties) = preSolution
		HideSolutionNode = FALSE
	EndGlobalSection
	GlobalSection(NestedProjects) = preSolution
		{117471DC-DF52-40AC-A9E8-E739D2A3DADE} = {6EBF6D52-FD4C-4B32-B0C2-9A47BF26091E}
		{693C46F7-C171-4366-8D62-2E8D116E9F91} = {6EBF6D52-FD4C-4B32-B0C2-9A47BF26091E}
		{16DFCCE7-B8C9-47F6-8A6E-DBD6D25E7F33} = {6EBF6D52-FD4C-4B32-B0C2-9A47BF26091E}
	EndGlobalSection
EndGlobal
